// !$*UTF8*$!
{
	archiveVersion = 1;
	classes = {
	};
	objectVersion = 56;
	objects = {

/* Begin PBXBuildFile section */
		1A9A1CB7CD0D0590DB2F94CB /* Pods_WeatherDemo.framework in Frameworks */ = {isa = PBXBuildFile; fileRef = FD9BE2A64CC31A4787222255 /* Pods_WeatherDemo.framework */; };
		BC0539742A0A82C800960A7F /* TestAssociatedtypeSimeName.swift in Sources */ = {isa = PBXBuildFile; fileRef = BC0539722A0A44D300960A7F /* TestAssociatedtypeSimeName.swift */; };
		BC0539762A0B83F300960A7F /* CustomLayoutViewController.swift in Sources */ = {isa = PBXBuildFile; fileRef = BC0539752A0B83F200960A7F /* CustomLayoutViewController.swift */; };
		BC0539792A0B84D800960A7F /* PushCoordinator.swift in Sources */ = {isa = PBXBuildFile; fileRef = BC0539782A0B84D800960A7F /* PushCoordinator.swift */; };
		BC05397D2A0BA34700960A7F /* TestModel.swift in Sources */ = {isa = PBXBuildFile; fileRef = BC05397C2A0BA34700960A7F /* TestModel.swift */; };
		BC0539802A0CA07300960A7F /* CustomConfigurations.swift in Sources */ = {isa = PBXBuildFile; fileRef = BC05397F2A0CA07300960A7F /* CustomConfigurations.swift */; };
		BC0539832A0CC41400960A7F /* UIView+LayoutAdapter.swift in Sources */ = {isa = PBXBuildFile; fileRef = BC0539822A0CC41400960A7F /* UIView+LayoutAdapter.swift */; };
		BC1BBA8E29F8A0FA00231B79 /* AppDelegate.swift in Sources */ = {isa = PBXBuildFile; fileRef = BC1BBA8D29F8A0FA00231B79 /* AppDelegate.swift */; };
		BC1BBA9029F8A0FA00231B79 /* SceneDelegate.swift in Sources */ = {isa = PBXBuildFile; fileRef = BC1BBA8F29F8A0FA00231B79 /* SceneDelegate.swift */; };
		BC1BBA9229F8A0FA00231B79 /* ViewController.swift in Sources */ = {isa = PBXBuildFile; fileRef = BC1BBA9129F8A0FA00231B79 /* ViewController.swift */; };
		BC1BBA9529F8A0FA00231B79 /* Main.storyboard in Resources */ = {isa = PBXBuildFile; fileRef = BC1BBA9329F8A0FA00231B79 /* Main.storyboard */; };
		BC1BBA9729F8A0FC00231B79 /* Assets.xcassets in Resources */ = {isa = PBXBuildFile; fileRef = BC1BBA9629F8A0FC00231B79 /* Assets.xcassets */; };
		BC1BBA9A29F8A0FC00231B79 /* LaunchScreen.storyboard in Resources */ = {isa = PBXBuildFile; fileRef = BC1BBA9829F8A0FC00231B79 /* LaunchScreen.storyboard */; };
		BC1BBAAB29F8B04000231B79 /* CityListViewController.swift in Sources */ = {isa = PBXBuildFile; fileRef = BC1BBAAA29F8B04000231B79 /* CityListViewController.swift */; };
		BC1BBAAD29F8B05A00231B79 /* WeatherDetilViewController.swift in Sources */ = {isa = PBXBuildFile; fileRef = BC1BBAAC29F8B05A00231B79 /* WeatherDetilViewController.swift */; };
		BC1BBAAF29F8B09F00231B79 /* CityListCell.swift in Sources */ = {isa = PBXBuildFile; fileRef = BC1BBAAE29F8B09F00231B79 /* CityListCell.swift */; };
		BC1BBAB129F8B12F00231B79 /* CityListViewModel.swift in Sources */ = {isa = PBXBuildFile; fileRef = BC1BBAB029F8B12F00231B79 /* CityListViewModel.swift */; };
		BC1BBAB329F8B25500231B79 /* WeatherNetworkService.swift in Sources */ = {isa = PBXBuildFile; fileRef = BC1BBAB229F8B25500231B79 /* WeatherNetworkService.swift */; };
		BC1BBAB629F8BF8C00231B79 /* WeatherResponseModel.swift in Sources */ = {isa = PBXBuildFile; fileRef = BC1BBAB529F8BF8C00231B79 /* WeatherResponseModel.swift */; };
		BC1BBAB829F8C8A600231B79 /* UIColor_Prelude.swift in Sources */ = {isa = PBXBuildFile; fileRef = BC1BBAB729F8C8A600231B79 /* UIColor_Prelude.swift */; };
		BC1BBABA29F8D0EA00231B79 /* UIView+Corner.swift in Sources */ = {isa = PBXBuildFile; fileRef = BC1BBAB929F8D0EA00231B79 /* UIView+Corner.swift */; };
		BC1BBABC29F9198000231B79 /* ForecastCell.swift in Sources */ = {isa = PBXBuildFile; fileRef = BC1BBABB29F9198000231B79 /* ForecastCell.swift */; };
		BC1BBAC029F9F6B300231B79 /* ForecastTitleCell.swift in Sources */ = {isa = PBXBuildFile; fileRef = BC1BBABF29F9F6B300231B79 /* ForecastTitleCell.swift */; };
		BCD3DC152A03AB36009A1B67 /* WeatherLifeCellContentConfiguration.swift in Sources */ = {isa = PBXBuildFile; fileRef = BCD3DC142A03AB36009A1B67 /* WeatherLifeCellContentConfiguration.swift */; };
		BCD3DC172A03AB4C009A1B67 /* WeatherLifeCell.swift in Sources */ = {isa = PBXBuildFile; fileRef = BCD3DC162A03AB4C009A1B67 /* WeatherLifeCell.swift */; };
		BCD3DC192A03ABB2009A1B67 /* WeatherLifeCellContentView.swift in Sources */ = {isa = PBXBuildFile; fileRef = BCD3DC182A03ABB2009A1B67 /* WeatherLifeCellContentView.swift */; };
/* End PBXBuildFile section */

/* Begin PBXFileReference section */
		6635DDE09C8AA2C52E50CC4C /* Pods-WeatherDemo.debug.xcconfig */ = {isa = PBXFileReference; includeInIndex = 1; lastKnownFileType = text.xcconfig; name = "Pods-WeatherDemo.debug.xcconfig"; path = "Target Support Files/Pods-WeatherDemo/Pods-WeatherDemo.debug.xcconfig"; sourceTree = "<group>"; };
		AA46713AB46759BE3E6A56A5 /* Pods-WeatherDemo.release.xcconfig */ = {isa = PBXFileReference; includeInIndex = 1; lastKnownFileType = text.xcconfig; name = "Pods-WeatherDemo.release.xcconfig"; path = "Target Support Files/Pods-WeatherDemo/Pods-WeatherDemo.release.xcconfig"; sourceTree = "<group>"; };
		BC0539722A0A44D300960A7F /* TestAssociatedtypeSimeName.swift */ = {isa = PBXFileReference; lastKnownFileType = sourcecode.swift; path = TestAssociatedtypeSimeName.swift; sourceTree = "<group>"; };
		BC0539752A0B83F200960A7F /* CustomLayoutViewController.swift */ = {isa = PBXFileReference; lastKnownFileType = sourcecode.swift; path = CustomLayoutViewController.swift; sourceTree = "<group>"; };
		BC0539782A0B84D800960A7F /* PushCoordinator.swift */ = {isa = PBXFileReference; lastKnownFileType = sourcecode.swift; path = PushCoordinator.swift; sourceTree = "<group>"; };
		BC05397C2A0BA34700960A7F /* TestModel.swift */ = {isa = PBXFileReference; lastKnownFileType = sourcecode.swift; path = TestModel.swift; sourceTree = "<group>"; };
		BC05397F2A0CA07300960A7F /* CustomConfigurations.swift */ = {isa = PBXFileReference; lastKnownFileType = sourcecode.swift; path = CustomConfigurations.swift; sourceTree = "<group>"; };
		BC0539812A0CB8B100960A7F /* TestShowUI.storyboard */ = {isa = PBXFileReference; lastKnownFileType = file.storyboard; path = TestShowUI.storyboard; sourceTree = "<group>"; };
		BC0539822A0CC41400960A7F /* UIView+LayoutAdapter.swift */ = {isa = PBXFileReference; lastKnownFileType = sourcecode.swift; path = "UIView+LayoutAdapter.swift"; sourceTree = "<group>"; };
		BC1BBA8A29F8A0FA00231B79 /* WeatherDemo.app */ = {isa = PBXFileReference; explicitFileType = wrapper.application; includeInIndex = 0; path = WeatherDemo.app; sourceTree = BUILT_PRODUCTS_DIR; };
		BC1BBA8D29F8A0FA00231B79 /* AppDelegate.swift */ = {isa = PBXFileReference; lastKnownFileType = sourcecode.swift; path = AppDelegate.swift; sourceTree = "<group>"; };
		BC1BBA8F29F8A0FA00231B79 /* SceneDelegate.swift */ = {isa = PBXFileReference; lastKnownFileType = sourcecode.swift; path = SceneDelegate.swift; sourceTree = "<group>"; };
		BC1BBA9129F8A0FA00231B79 /* ViewController.swift */ = {isa = PBXFileReference; lastKnownFileType = sourcecode.swift; path = ViewController.swift; sourceTree = "<group>"; };
		BC1BBA9429F8A0FA00231B79 /* Base */ = {isa = PBXFileReference; lastKnownFileType = file.storyboard; name = Base; path = Base.lproj/Main.storyboard; sourceTree = "<group>"; };
		BC1BBA9629F8A0FC00231B79 /* Assets.xcassets */ = {isa = PBXFileReference; lastKnownFileType = folder.assetcatalog; path = Assets.xcassets; sourceTree = "<group>"; };
		BC1BBA9929F8A0FC00231B79 /* Base */ = {isa = PBXFileReference; lastKnownFileType = file.storyboard; name = Base; path = Base.lproj/LaunchScreen.storyboard; sourceTree = "<group>"; };
		BC1BBA9B29F8A0FC00231B79 /* Info.plist */ = {isa = PBXFileReference; lastKnownFileType = text.plist.xml; path = Info.plist; sourceTree = "<group>"; };
		BC1BBAAA29F8B04000231B79 /* CityListViewController.swift */ = {isa = PBXFileReference; lastKnownFileType = sourcecode.swift; path = CityListViewController.swift; sourceTree = "<group>"; };
		BC1BBAAC29F8B05A00231B79 /* WeatherDetilViewController.swift */ = {isa = PBXFileReference; lastKnownFileType = sourcecode.swift; path = WeatherDetilViewController.swift; sourceTree = "<group>"; };
		BC1BBAAE29F8B09F00231B79 /* CityListCell.swift */ = {isa = PBXFileReference; lastKnownFileType = sourcecode.swift; path = CityListCell.swift; sourceTree = "<group>"; };
		BC1BBAB029F8B12F00231B79 /* CityListViewModel.swift */ = {isa = PBXFileReference; lastKnownFileType = sourcecode.swift; path = CityListViewModel.swift; sourceTree = "<group>"; };
		BC1BBAB229F8B25500231B79 /* WeatherNetworkService.swift */ = {isa = PBXFileReference; lastKnownFileType = sourcecode.swift; path = WeatherNetworkService.swift; sourceTree = "<group>"; };
		BC1BBAB529F8BF8C00231B79 /* WeatherResponseModel.swift */ = {isa = PBXFileReference; lastKnownFileType = sourcecode.swift; path = WeatherResponseModel.swift; sourceTree = "<group>"; };
		BC1BBAB729F8C8A600231B79 /* UIColor_Prelude.swift */ = {isa = PBXFileReference; lastKnownFileType = sourcecode.swift; path = UIColor_Prelude.swift; sourceTree = "<group>"; };
		BC1BBAB929F8D0EA00231B79 /* UIView+Corner.swift */ = {isa = PBXFileReference; lastKnownFileType = sourcecode.swift; path = "UIView+Corner.swift"; sourceTree = "<group>"; };
		BC1BBABB29F9198000231B79 /* ForecastCell.swift */ = {isa = PBXFileReference; lastKnownFileType = sourcecode.swift; path = ForecastCell.swift; sourceTree = "<group>"; };
		BC1BBABF29F9F6B300231B79 /* ForecastTitleCell.swift */ = {isa = PBXFileReference; lastKnownFileType = sourcecode.swift; path = ForecastTitleCell.swift; sourceTree = "<group>"; };
		BCD3DC142A03AB36009A1B67 /* WeatherLifeCellContentConfiguration.swift */ = {isa = PBXFileReference; lastKnownFileType = sourcecode.swift; path = WeatherLifeCellContentConfiguration.swift; sourceTree = "<group>"; };
		BCD3DC162A03AB4C009A1B67 /* WeatherLifeCell.swift */ = {isa = PBXFileReference; lastKnownFileType = sourcecode.swift; path = WeatherLifeCell.swift; sourceTree = "<group>"; };
		BCD3DC182A03ABB2009A1B67 /* WeatherLifeCellContentView.swift */ = {isa = PBXFileReference; lastKnownFileType = sourcecode.swift; path = WeatherLifeCellContentView.swift; sourceTree = "<group>"; };
		FD9BE2A64CC31A4787222255 /* Pods_WeatherDemo.framework */ = {isa = PBXFileReference; explicitFileType = wrapper.framework; includeInIndex = 0; path = Pods_WeatherDemo.framework; sourceTree = BUILT_PRODUCTS_DIR; };
/* End PBXFileReference section */

/* Begin PBXFrameworksBuildPhase section */
		BC1BBA8729F8A0FA00231B79 /* Frameworks */ = {
			isa = PBXFrameworksBuildPhase;
			buildActionMask = 2147483647;
			files = (
				1A9A1CB7CD0D0590DB2F94CB /* Pods_WeatherDemo.framework in Frameworks */,
			);
			runOnlyForDeploymentPostprocessing = 0;
		};
/* End PBXFrameworksBuildPhase section */

/* Begin PBXGroup section */
		062A88C3C78403D1FD05748E /* Frameworks */ = {
			isa = PBXGroup;
			children = (
				FD9BE2A64CC31A4787222255 /* Pods_WeatherDemo.framework */,
			);
			name = Frameworks;
			sourceTree = "<group>";
		};
		5617D6DC3467D8E0544781DD /* Pods */ = {
			isa = PBXGroup;
			children = (
				6635DDE09C8AA2C52E50CC4C /* Pods-WeatherDemo.debug.xcconfig */,
				AA46713AB46759BE3E6A56A5 /* Pods-WeatherDemo.release.xcconfig */,
			);
			path = Pods;
			sourceTree = "<group>";
		};
		BC0539772A0B846A00960A7F /* Coordiantor */ = {
			isa = PBXGroup;
			children = (
				BC0539782A0B84D800960A7F /* PushCoordinator.swift */,
			);
			path = Coordiantor;
			sourceTree = "<group>";
		};
		BC05397A2A0B8FC200960A7F /* CustomCollectionLayout */ = {
			isa = PBXGroup;
			children = (
				BC0539752A0B83F200960A7F /* CustomLayoutViewController.swift */,
				BC05397C2A0BA34700960A7F /* TestModel.swift */,
				BC05397F2A0CA07300960A7F /* CustomConfigurations.swift */,
			);
			path = CustomCollectionLayout;
			sourceTree = "<group>";
		};
		BC1BBA8129F8A0FA00231B79 = {
			isa = PBXGroup;
			children = (
				BC1BBA8C29F8A0FA00231B79 /* WeatherDemo */,
				BC1BBA8B29F8A0FA00231B79 /* Products */,
				5617D6DC3467D8E0544781DD /* Pods */,
				062A88C3C78403D1FD05748E /* Frameworks */,
			);
			sourceTree = "<group>";
		};
		BC1BBA8B29F8A0FA00231B79 /* Products */ = {
			isa = PBXGroup;
			children = (
				BC1BBA8A29F8A0FA00231B79 /* WeatherDemo.app */,
			);
			name = Products;
			sourceTree = "<group>";
		};
		BC1BBA8C29F8A0FA00231B79 /* WeatherDemo */ = {
			isa = PBXGroup;
			children = (
				BC1BBA8D29F8A0FA00231B79 /* AppDelegate.swift */,
				BC1BBA8F29F8A0FA00231B79 /* SceneDelegate.swift */,
				BC05397A2A0B8FC200960A7F /* CustomCollectionLayout */,
				BC1BBAA729F8AF6500231B79 /* Tools */,
				BC1BBAA629F8AF4E00231B79 /* Service */,
				BC0539772A0B846A00960A7F /* Coordiantor */,
				BC1BBAA929F8AFB400231B79 /* ViewController */,
				BC1BBAA829F8AF9500231B79 /* View */,
				BC1BBAA529F8AF3D00231B79 /* ViewModel */,
				BC1BBAB429F8BF2F00231B79 /* Model */,
				BC1BBAA429F8AF0D00231B79 /* Supporting Files */,
				BC1BBA9629F8A0FC00231B79 /* Assets.xcassets */,
			);
			path = WeatherDemo;
			sourceTree = "<group>";
		};
		BC1BBAA429F8AF0D00231B79 /* Supporting Files */ = {
			isa = PBXGroup;
			children = (
				BC0539722A0A44D300960A7F /* TestAssociatedtypeSimeName.swift */,
				BC1BBA9329F8A0FA00231B79 /* Main.storyboard */,
				BC0539812A0CB8B100960A7F /* TestShowUI.storyboard */,
				BC1BBA9829F8A0FC00231B79 /* LaunchScreen.storyboard */,
				BC1BBA9129F8A0FA00231B79 /* ViewController.swift */,
				BC1BBA9B29F8A0FC00231B79 /* Info.plist */,
			);
			name = "Supporting Files";
			sourceTree = "<group>";
		};
		BC1BBAA529F8AF3D00231B79 /* ViewModel */ = {
			isa = PBXGroup;
			children = (
				BC1BBAB029F8B12F00231B79 /* CityListViewModel.swift */,
			);
			path = ViewModel;
			sourceTree = "<group>";
		};
		BC1BBAA629F8AF4E00231B79 /* Service */ = {
			isa = PBXGroup;
			children = (
				BC1BBAB229F8B25500231B79 /* WeatherNetworkService.swift */,
			);
			path = Service;
			sourceTree = "<group>";
		};
		BC1BBAA729F8AF6500231B79 /* Tools */ = {
			isa = PBXGroup;
			children = (
				BC1BBAB729F8C8A600231B79 /* UIColor_Prelude.swift */,
				BC1BBAB929F8D0EA00231B79 /* UIView+Corner.swift */,
				BC0539822A0CC41400960A7F /* UIView+LayoutAdapter.swift */,
			);
			path = Tools;
			sourceTree = "<group>";
		};
		BC1BBAA829F8AF9500231B79 /* View */ = {
			isa = PBXGroup;
			children = (
				BC1BBAAE29F8B09F00231B79 /* CityListCell.swift */,
				BC1BBABF29F9F6B300231B79 /* ForecastTitleCell.swift */,
				BC1BBABB29F9198000231B79 /* ForecastCell.swift */,
				BCD3DC162A03AB4C009A1B67 /* WeatherLifeCell.swift */,
				BCD3DC182A03ABB2009A1B67 /* WeatherLifeCellContentView.swift */,
			);
			path = View;
			sourceTree = "<group>";
		};
		BC1BBAA929F8AFB400231B79 /* ViewController */ = {
			isa = PBXGroup;
			children = (
				BC1BBAAA29F8B04000231B79 /* CityListViewController.swift */,
				BC1BBAAC29F8B05A00231B79 /* WeatherDetilViewController.swift */,
			);
			path = ViewController;
			sourceTree = "<group>";
		};
		BC1BBAB429F8BF2F00231B79 /* Model */ = {
			isa = PBXGroup;
			children = (
				BC1BBAB529F8BF8C00231B79 /* WeatherResponseModel.swift */,
				BCD3DC142A03AB36009A1B67 /* WeatherLifeCellContentConfiguration.swift */,
			);
			path = Model;
			sourceTree = "<group>";
		};
/* End PBXGroup section */

/* Begin PBXNativeTarget section */
		BC1BBA8929F8A0FA00231B79 /* WeatherDemo */ = {
			isa = PBXNativeTarget;
			buildConfigurationList = BC1BBA9E29F8A0FC00231B79 /* Build configuration list for PBXNativeTarget "WeatherDemo" */;
			buildPhases = (
				B8BD4423DB1A13A91A58CEE3 /* [CP] Check Pods Manifest.lock */,
				BC1BBA8629F8A0FA00231B79 /* Sources */,
				BC1BBA8729F8A0FA00231B79 /* Frameworks */,
				BC1BBA8829F8A0FA00231B79 /* Resources */,
				26D335A58FCAA0A7EFDCE537 /* [CP] Embed Pods Frameworks */,
			);
			buildRules = (
			);
			dependencies = (
			);
			name = WeatherDemo;
			productName = WeatherDemo;
			productReference = BC1BBA8A29F8A0FA00231B79 /* WeatherDemo.app */;
			productType = "com.apple.product-type.application";
		};
/* End PBXNativeTarget section */

/* Begin PBXProject section */
		BC1BBA8229F8A0FA00231B79 /* Project object */ = {
			isa = PBXProject;
			attributes = {
				BuildIndependentTargetsInParallel = 1;
				LastSwiftUpdateCheck = 1420;
				LastUpgradeCheck = 1420;
				TargetAttributes = {
					BC1BBA8929F8A0FA00231B79 = {
						CreatedOnToolsVersion = 14.2;
					};
				};
			};
			buildConfigurationList = BC1BBA8529F8A0FA00231B79 /* Build configuration list for PBXProject "WeatherDemo" */;
			compatibilityVersion = "Xcode 14.0";
			developmentRegion = en;
			hasScannedForEncodings = 0;
			knownRegions = (
				en,
				Base,
			);
			mainGroup = BC1BBA8129F8A0FA00231B79;
			productRefGroup = BC1BBA8B29F8A0FA00231B79 /* Products */;
			projectDirPath = "";
			projectRoot = "";
			targets = (
				BC1BBA8929F8A0FA00231B79 /* WeatherDemo */,
			);
		};
/* End PBXProject section */

/* Begin PBXResourcesBuildPhase section */
		BC1BBA8829F8A0FA00231B79 /* Resources */ = {
			isa = PBXResourcesBuildPhase;
			buildActionMask = 2147483647;
			files = (
				BC1BBA9A29F8A0FC00231B79 /* LaunchScreen.storyboard in Resources */,
				BC1BBA9729F8A0FC00231B79 /* Assets.xcassets in Resources */,
				BC1BBA9529F8A0FA00231B79 /* Main.storyboard in Resources */,
			);
			runOnlyForDeploymentPostprocessing = 0;
		};
/* End PBXResourcesBuildPhase section */

/* Begin PBXShellScriptBuildPhase section */
		26D335A58FCAA0A7EFDCE537 /* [CP] Embed Pods Frameworks */ = {
			isa = PBXShellScriptBuildPhase;
			buildActionMask = 2147483647;
			files = (
			);
			inputFileListPaths = (
				"${PODS_ROOT}/Target Support Files/Pods-WeatherDemo/Pods-WeatherDemo-frameworks-${CONFIGURATION}-input-files.xcfilelist",
			);
			name = "[CP] Embed Pods Frameworks";
			outputFileListPaths = (
				"${PODS_ROOT}/Target Support Files/Pods-WeatherDemo/Pods-WeatherDemo-frameworks-${CONFIGURATION}-output-files.xcfilelist",
			);
			runOnlyForDeploymentPostprocessing = 0;
			shellPath = /bin/sh;
			shellScript = "\"${PODS_ROOT}/Target Support Files/Pods-WeatherDemo/Pods-WeatherDemo-frameworks.sh\"\n";
			showEnvVarsInLog = 0;
		};
		B8BD4423DB1A13A91A58CEE3 /* [CP] Check Pods Manifest.lock */ = {
			isa = PBXShellScriptBuildPhase;
			buildActionMask = 2147483647;
			files = (
			);
			inputFileListPaths = (
			);
			inputPaths = (
				"${PODS_PODFILE_DIR_PATH}/Podfile.lock",
				"${PODS_ROOT}/Manifest.lock",
			);
			name = "[CP] Check Pods Manifest.lock";
			outputFileListPaths = (
			);
			outputPaths = (
				"$(DERIVED_FILE_DIR)/Pods-WeatherDemo-checkManifestLockResult.txt",
			);
			runOnlyForDeploymentPostprocessing = 0;
			shellPath = /bin/sh;
			shellScript = "diff \"${PODS_PODFILE_DIR_PATH}/Podfile.lock\" \"${PODS_ROOT}/Manifest.lock\" > /dev/null\nif [ $? != 0 ] ; then\n    # print error to STDERR\n    echo \"error: The sandbox is not in sync with the Podfile.lock. Run 'pod install' or update your CocoaPods installation.\" >&2\n    exit 1\nfi\n# This output is used by Xcode 'outputs' to avoid re-running this script phase.\necho \"SUCCESS\" > \"${SCRIPT_OUTPUT_FILE_0}\"\n";
			showEnvVarsInLog = 0;
		};
/* End PBXShellScriptBuildPhase section */

/* Begin PBXSourcesBuildPhase section */
		BC1BBA8629F8A0FA00231B79 /* Sources */ = {
			isa = PBXSourcesBuildPhase;
			buildActionMask = 2147483647;
			files = (
				BC1BBA9229F8A0FA00231B79 /* ViewController.swift in Sources */,
				BC0539792A0B84D800960A7F /* PushCoordinator.swift in Sources */,
				BC1BBAB629F8BF8C00231B79 /* WeatherResponseModel.swift in Sources */,
				BCD3DC192A03ABB2009A1B67 /* WeatherLifeCellContentView.swift in Sources */,
				BC0539832A0CC41400960A7F /* UIView+LayoutAdapter.swift in Sources */,
				BC1BBAC029F9F6B300231B79 /* ForecastTitleCell.swift in Sources */,
				BC1BBAB329F8B25500231B79 /* WeatherNetworkService.swift in Sources */,
				BC1BBAB129F8B12F00231B79 /* CityListViewModel.swift in Sources */,
				BC05397D2A0BA34700960A7F /* TestModel.swift in Sources */,
				BC1BBABC29F9198000231B79 /* ForecastCell.swift in Sources */,
				BCD3DC152A03AB36009A1B67 /* WeatherLifeCellContentConfiguration.swift in Sources */,
				BC0539762A0B83F300960A7F /* CustomLayoutViewController.swift in Sources */,
				BCD3DC172A03AB4C009A1B67 /* WeatherLifeCell.swift in Sources */,
				BC1BBA8E29F8A0FA00231B79 /* AppDelegate.swift in Sources */,
				BC1BBAB829F8C8A600231B79 /* UIColor_Prelude.swift in Sources */,
				BC0539742A0A82C800960A7F /* TestAssociatedtypeSimeName.swift in Sources */,
				BC1BBAAF29F8B09F00231B79 /* CityListCell.swift in Sources */,
				BC1BBA9029F8A0FA00231B79 /* SceneDelegate.swift in Sources */,
				BC1BBAAB29F8B04000231B79 /* CityListViewController.swift in Sources */,
				BC1BBABA29F8D0EA00231B79 /* UIView+Corner.swift in Sources */,
				BC0539802A0CA07300960A7F /* CustomConfigurations.swift in Sources */,
				BC1BBAAD29F8B05A00231B79 /* WeatherDetilViewController.swift in Sources */,
			);
			runOnlyForDeploymentPostprocessing = 0;
		};
/* End PBXSourcesBuildPhase section */

/* Begin PBXVariantGroup section */
		BC1BBA9329F8A0FA00231B79 /* Main.storyboard */ = {
			isa = PBXVariantGroup;
			children = (
				BC1BBA9429F8A0FA00231B79 /* Base */,
			);
			name = Main.storyboard;
			sourceTree = "<group>";
		};
		BC1BBA9829F8A0FC00231B79 /* LaunchScreen.storyboard */ = {
			isa = PBXVariantGroup;
			children = (
				BC1BBA9929F8A0FC00231B79 /* Base */,
			);
			name = LaunchScreen.storyboard;
			sourceTree = "<group>";
		};
/* End PBXVariantGroup section */

/* Begin XCBuildConfiguration section */
		BC1BBA9C29F8A0FC00231B79 /* Debug */ = {
			isa = XCBuildConfiguration;
			buildSettings = {
				ALWAYS_SEARCH_USER_PATHS = NO;
				CLANG_ANALYZER_NONNULL = YES;
				CLANG_ANALYZER_NUMBER_OBJECT_CONVERSION = YES_AGGRESSIVE;
				CLANG_CXX_LANGUAGE_STANDARD = "gnu++20";
				CLANG_ENABLE_MODULES = YES;
				CLANG_ENABLE_OBJC_ARC = YES;
				CLANG_ENABLE_OBJC_WEAK = YES;
				CLANG_WARN_BLOCK_CAPTURE_AUTORELEASING = YES;
				CLANG_WARN_BOOL_CONVERSION = YES;
				CLANG_WARN_COMMA = YES;
				CLANG_WARN_CONSTANT_CONVERSION = YES;
				CLANG_WARN_DEPRECATED_OBJC_IMPLEMENTATIONS = YES;
				CLANG_WARN_DIRECT_OBJC_ISA_USAGE = YES_ERROR;
				CLANG_WARN_DOCUMENTATION_COMMENTS = YES;
				CLANG_WARN_EMPTY_BODY = YES;
				CLANG_WARN_ENUM_CONVERSION = YES;
				CLANG_WARN_INFINITE_RECURSION = YES;
				CLANG_WARN_INT_CONVERSION = YES;
				CLANG_WARN_NON_LITERAL_NULL_CONVERSION = YES;
				CLANG_WARN_OBJC_IMPLICIT_RETAIN_SELF = YES;
				CLANG_WARN_OBJC_LITERAL_CONVERSION = YES;
				CLANG_WARN_OBJC_ROOT_CLASS = YES_ERROR;
				CLANG_WARN_QUOTED_INCLUDE_IN_FRAMEWORK_HEADER = YES;
				CLANG_WARN_RANGE_LOOP_ANALYSIS = YES;
				CLANG_WARN_STRICT_PROTOTYPES = YES;
				CLANG_WARN_SUSPICIOUS_MOVE = YES;
				CLANG_WARN_UNGUARDED_AVAILABILITY = YES_AGGRESSIVE;
				CLANG_WARN_UNREACHABLE_CODE = YES;
				CLANG_WARN__DUPLICATE_METHOD_MATCH = YES;
				COPY_PHASE_STRIP = NO;
				DEBUG_INFORMATION_FORMAT = dwarf;
				ENABLE_STRICT_OBJC_MSGSEND = YES;
				ENABLE_TESTABILITY = YES;
				GCC_C_LANGUAGE_STANDARD = gnu11;
				GCC_DYNAMIC_NO_PIC = NO;
				GCC_NO_COMMON_BLOCKS = YES;
				GCC_OPTIMIZATION_LEVEL = 0;
				GCC_PREPROCESSOR_DEFINITIONS = (
					"DEBUG=1",
					"$(inherited)",
				);
				GCC_WARN_64_TO_32_BIT_CONVERSION = YES;
				GCC_WARN_ABOUT_RETURN_TYPE = YES_ERROR;
				GCC_WARN_UNDECLARED_SELECTOR = YES;
				GCC_WARN_UNINITIALIZED_AUTOS = YES_AGGRESSIVE;
				GCC_WARN_UNUSED_FUNCTION = YES;
				GCC_WARN_UNUSED_VARIABLE = YES;
				IPHONEOS_DEPLOYMENT_TARGET = 15.0;
				MTL_ENABLE_DEBUG_INFO = INCLUDE_SOURCE;
				MTL_FAST_MATH = YES;
				ONLY_ACTIVE_ARCH = YES;
				SDKROOT = iphoneos;
				SWIFT_ACTIVE_COMPILATION_CONDITIONS = DEBUG;
				SWIFT_OPTIMIZATION_LEVEL = "-Onone";
			};
			name = Debug;
		};
		BC1BBA9D29F8A0FC00231B79 /* Release */ = {
			isa = XCBuildConfiguration;
			buildSettings = {
				ALWAYS_SEARCH_USER_PATHS = NO;
				CLANG_ANALYZER_NONNULL = YES;
				CLANG_ANALYZER_NUMBER_OBJECT_CONVERSION = YES_AGGRESSIVE;
				CLANG_CXX_LANGUAGE_STANDARD = "gnu++20";
				CLANG_ENABLE_MODULES = YES;
				CLANG_ENABLE_OBJC_ARC = YES;
				CLANG_ENABLE_OBJC_WEAK = YES;
				CLANG_WARN_BLOCK_CAPTURE_AUTORELEASING = YES;
				CLANG_WARN_BOOL_CONVERSION = YES;
				CLANG_WARN_COMMA = YES;
				CLANG_WARN_CONSTANT_CONVERSION = YES;
				CLANG_WARN_DEPRECATED_OBJC_IMPLEMENTATIONS = YES;
				CLANG_WARN_DIRECT_OBJC_ISA_USAGE = YES_ERROR;
				CLANG_WARN_DOCUMENTATION_COMMENTS = YES;
				CLANG_WARN_EMPTY_BODY = YES;
				CLANG_WARN_ENUM_CONVERSION = YES;
				CLANG_WARN_INFINITE_RECURSION = YES;
				CLANG_WARN_INT_CONVERSION = YES;
				CLANG_WARN_NON_LITERAL_NULL_CONVERSION = YES;
				CLANG_WARN_OBJC_IMPLICIT_RETAIN_SELF = YES;
				CLANG_WARN_OBJC_LITERAL_CONVERSION = YES;
				CLANG_WARN_OBJC_ROOT_CLASS = YES_ERROR;
				CLANG_WARN_QUOTED_INCLUDE_IN_FRAMEWORK_HEADER = YES;
				CLANG_WARN_RANGE_LOOP_ANALYSIS = YES;
				CLANG_WARN_STRICT_PROTOTYPES = YES;
				CLANG_WARN_SUSPICIOUS_MOVE = YES;
				CLANG_WARN_UNGUARDED_AVAILABILITY = YES_AGGRESSIVE;
				CLANG_WARN_UNREACHABLE_CODE = YES;
				CLANG_WARN__DUPLICATE_METHOD_MATCH = YES;
				COPY_PHASE_STRIP = NO;
				DEBUG_INFORMATION_FORMAT = "dwarf-with-dsym";
				ENABLE_NS_ASSERTIONS = NO;
				ENABLE_STRICT_OBJC_MSGSEND = YES;
				GCC_C_LANGUAGE_STANDARD = gnu11;
				GCC_NO_COMMON_BLOCKS = YES;
				GCC_WARN_64_TO_32_BIT_CONVERSION = YES;
				GCC_WARN_ABOUT_RETURN_TYPE = YES_ERROR;
				GCC_WARN_UNDECLARED_SELECTOR = YES;
				GCC_WARN_UNINITIALIZED_AUTOS = YES_AGGRESSIVE;
				GCC_WARN_UNUSED_FUNCTION = YES;
				GCC_WARN_UNUSED_VARIABLE = YES;
				IPHONEOS_DEPLOYMENT_TARGET = 15.0;
				MTL_ENABLE_DEBUG_INFO = NO;
				MTL_FAST_MATH = YES;
				SDKROOT = iphoneos;
				SWIFT_COMPILATION_MODE = wholemodule;
				SWIFT_OPTIMIZATION_LEVEL = "-O";
				VALIDATE_PRODUCT = YES;
			};
			name = Release;
		};
		BC1BBA9F29F8A0FC00231B79 /* Debug */ = {
			isa = XCBuildConfiguration;
			baseConfigurationReference = 6635DDE09C8AA2C52E50CC4C /* Pods-WeatherDemo.debug.xcconfig */;
			buildSettings = {
				ASSETCATALOG_COMPILER_APPICON_NAME = AppIcon;
				ASSETCATALOG_COMPILER_GLOBAL_ACCENT_COLOR_NAME = AccentColor;
				CODE_SIGN_STYLE = Automatic;
				CURRENT_PROJECT_VERSION = 1;
				GENERATE_INFOPLIST_FILE = YES;
				INFOPLIST_FILE = WeatherDemo/Info.plist;
				INFOPLIST_KEY_CFBundleDisplayName = "天气";
				INFOPLIST_KEY_UIApplicationSupportsIndirectInputEvents = YES;
				INFOPLIST_KEY_UILaunchStoryboardName = LaunchScreen;
				INFOPLIST_KEY_UIMainStoryboardFile = Main;
				INFOPLIST_KEY_UISupportedInterfaceOrientations = UIInterfaceOrientationPortrait;
				IPHONEOS_DEPLOYMENT_TARGET = 15.0;
				LD_RUNPATH_SEARCH_PATHS = (
					"$(inherited)",
					"@executable_path/Frameworks",
				);
				MARKETING_VERSION = 1.0;
				PRODUCT_BUNDLE_IDENTIFIER = com.dr.kun.weatherDemo.WeatherDemo;
				PRODUCT_NAME = "$(TARGET_NAME)";
				SWIFT_EMIT_LOC_STRINGS = YES;
				SWIFT_VERSION = 5.0;
				TARGETED_DEVICE_FAMILY = "1,2";
			};
			name = Debug;
		};
		BC1BBAA029F8A0FC00231B79 /* Release */ = {
			isa = XCBuildConfiguration;
			baseConfigurationReference = AA46713AB46759BE3E6A56A5 /* Pods-WeatherDemo.release.xcconfig */;
			buildSettings = {
				ASSETCATALOG_COMPILER_APPICON_NAME = AppIcon;
				ASSETCATALOG_COMPILER_GLOBAL_ACCENT_COLOR_NAME = AccentColor;
				CODE_SIGN_STYLE = Automatic;
				CURRENT_PROJECT_VERSION = 1;
				GENERATE_INFOPLIST_FILE = YES;
				INFOPLIST_FILE = WeatherDemo/Info.plist;
				INFOPLIST_KEY_CFBundleDisplayName = "天气";
				INFOPLIST_KEY_UIApplicationSupportsIndirectInputEvents = YES;
				INFOPLIST_KEY_UILaunchStoryboardName = LaunchScreen;
				INFOPLIST_KEY_UIMainStoryboardFile = Main;
				INFOPLIST_KEY_UISupportedInterfaceOrientations = UIInterfaceOrientationPortrait;
				IPHONEOS_DEPLOYMENT_TARGET = 15.0;
				LD_RUNPATH_SEARCH_PATHS = (
					"$(inherited)",
					"@executable_path/Frameworks",
				);
				MARKETING_VERSION = 1.0;
				PRODUCT_BUNDLE_IDENTIFIER = com.dr.kun.weatherDemo.WeatherDemo;
				PRODUCT_NAME = "$(TARGET_NAME)";
				SWIFT_EMIT_LOC_STRINGS = YES;
				SWIFT_VERSION = 5.0;
				TARGETED_DEVICE_FAMILY = "1,2";
			};
			name = Release;
		};
/* End XCBuildConfiguration section */

/* Begin XCConfigurationList section */
		BC1BBA8529F8A0FA00231B79 /* Build configuration list for PBXProject "WeatherDemo" */ = {
			isa = XCConfigurationList;
			buildConfigurations = (
				BC1BBA9C29F8A0FC00231B79 /* Debug */,
				BC1BBA9D29F8A0FC00231B79 /* Release */,
			);
			defaultConfigurationIsVisible = 0;
			defaultConfigurationName = Release;
		};
		BC1BBA9E29F8A0FC00231B79 /* Build configuration list for PBXNativeTarget "WeatherDemo" */ = {
			isa = XCConfigurationList;
			buildConfigurations = (
				BC1BBA9F29F8A0FC00231B79 /* Debug */,
				BC1BBAA029F8A0FC00231B79 /* Release */,
			);
			defaultConfigurationIsVisible = 0;
			defaultConfigurationName = Release;
		};
/* End XCConfigurationList section */
	};
	rootObject = BC1BBA8229F8A0FA00231B79 /* Project object */;
}
